
Microsoft Visual Studio Solution File, Format Version 12.00
# Visual Studio Version 17
VisualStudioVersion = 17.5.002.0
MinimumVisualStudioVersion = 10.0.40219.1
Project("{9A19103F-16F7-4668-BE54-9A1E7A4F7556}") = "Test", "Test.csproj", "{D3C98202-5563-4309-8E45-1E50B372D64F}"
EndProject
Global
	GlobalSection(SolutionConfigurationPlatforms) = preSolution
		Debug|Any CPU = Debug|Any CPU
		Release|Any CPU = Release|Any CPU
	EndGlobalSection
	GlobalSection(ProjectConfigurationPlatforms) = postSolution
		{D3C98202-5563-4309-8E45-1E50B372D64F}.Debug|Any CPU.ActiveCfg = Debug|Any CPU
		{D3C98202-5563-4309-8E45-1E50B372D64F}.Debug|Any CPU.Build.0 = Debug|Any CPU
		{D3C98202-5563-4309-8E45-1E50B372D64F}.Release|Any CPU.ActiveCfg = Release|Any CPU
		{D3C98202-5563-4309-8E45-1E50B372D64F}.Release|Any CPU.Build.0 = Release|Any CPU
	EndGlobalSection
	GlobalSection(SolutionProperties) = preSolution
		HideSolutionNode = FALSE
	EndGlobalSection
	GlobalSection(ExtensibilityGlobals) = postSolution
		SolutionGuid = {5B233569-21FE-49BE-98CB-010C7C65B914}
	EndGlobalSection
EndGlobal
